
Microsoft Visual Studio Solution File, Format Version 12.00
# Visual Studio Version 17
VisualStudioVersion = 17.0.31903.59
MinimumVisualStudioVersion = 10.0.40219.1
Project("{2150E333-8FDC-42A3-9474-1A3956D46DE8}") = "apps", "apps", "{EB30F1F5-FB89-47BB-AD35-E204368BB27C}"
EndProject
Project("{2150E333-8FDC-42A3-9474-1A3956D46DE8}") = "backend", "backend", "{97F950A9-9A6F-4591-9020-4EF63CA0F922}"
EndProject
Project("{FAE04EC0-301F-11D3-BF4B-00C04F79EFBC}") = "EquipeExe.Mod.Api", "apps\backend\EquipeExe.Mod.Api\EquipeExe.Mod.Api.csproj", "{93756376-EB3B-46BA-B3D8-1557283E97B9}"
EndProject
Global
	GlobalSection(SolutionConfigurationPlatforms) = preSolution
		Debug|Any CPU = Debug|Any CPU
		Release|Any CPU = Release|Any CPU
	EndGlobalSection
	GlobalSection(SolutionProperties) = preSolution
		HideSolutionNode = FALSE
	EndGlobalSection
	GlobalSection(ProjectConfigurationPlatforms) = postSolution
		{93756376-EB3B-46BA-B3D8-1557283E97B9}.Debug|Any CPU.ActiveCfg = Debug|Any CPU
		{93756376-EB3B-46BA-B3D8-1557283E97B9}.Debug|Any CPU.Build.0 = Debug|Any CPU
		{93756376-EB3B-46BA-B3D8-1557283E97B9}.Release|Any CPU.ActiveCfg = Release|Any CPU
		{93756376-EB3B-46BA-B3D8-1557283E97B9}.Release|Any CPU.Build.0 = Release|Any CPU
	EndGlobalSection
	GlobalSection(NestedProjects) = preSolution
		{97F950A9-9A6F-4591-9020-4EF63CA0F922} = {EB30F1F5-FB89-47BB-AD35-E204368BB27C}
		{93756376-EB3B-46BA-B3D8-1557283E97B9} = {97F950A9-9A6F-4591-9020-4EF63CA0F922}
	EndGlobalSection
EndGlobal
